
Microsoft Visual Studio Solution File, Format Version 12.00
# Visual Studio Version 16
VisualStudioVersion = 16.0.31605.320
MinimumVisualStudioVersion = 10.0.40219.1
Project("{8BC9CEB8-8B4A-11D0-8D11-00A0C91BC942}") = "DirectXNet", "DirectXNet\DirectXNet.vcxproj", "{9ACC3F14-ED1D-4FC1-8CB0-D08D29C4F5E0}"
EndProject
Global
	GlobalSection(SolutionConfigurationPlatforms) = preSolution
		Debug .NET Framework|x64 = Debug .NET Framework|x64
		Debug .NET Framework|x86 = Debug .NET Framework|x86
		Debug .NET|x64 = Debug .NET|x64
		Debug .NET|x86 = Debug .NET|x86
		Release .NET Framework|x64 = Release .NET Framework|x64
		Release .NET Framework|x86 = Release .NET Framework|x86
		Release .NET|x64 = Release .NET|x64
		Release .NET|x86 = Release .NET|x86
	EndGlobalSection
	GlobalSection(ProjectConfigurationPlatforms) = postSolution
		{9ACC3F14-ED1D-4FC1-8CB0-D08D29C4F5E0}.Debug .NET Framework|x64.ActiveCfg = Debug .NET Framework|x64
		{9ACC3F14-ED1D-4FC1-8CB0-D08D29C4F5E0}.Debug .NET Framework|x64.Build.0 = Debug .NET Framework|x64
		{9ACC3F14-ED1D-4FC1-8CB0-D08D29C4F5E0}.Debug .NET Framework|x86.ActiveCfg = Debug .NET Framework|x64
		{9ACC3F14-ED1D-4FC1-8CB0-D08D29C4F5E0}.Debug .NET|x64.ActiveCfg = Debug .NET|x64
		{9ACC3F14-ED1D-4FC1-8CB0-D08D29C4F5E0}.Debug .NET|x64.Build.0 = Debug .NET|x64
		{9ACC3F14-ED1D-4FC1-8CB0-D08D29C4F5E0}.Debug .NET|x86.ActiveCfg = Debug .NET|x64
		{9ACC3F14-ED1D-4FC1-8CB0-D08D29C4F5E0}.Release .NET Framework|x64.ActiveCfg = Release .NET Framework|x64
		{9ACC3F14-ED1D-4FC1-8CB0-D08D29C4F5E0}.Release .NET Framework|x64.Build.0 = Release .NET Framework|x64
		{9ACC3F14-ED1D-4FC1-8CB0-D08D29C4F5E0}.Release .NET Framework|x86.ActiveCfg = Release .NET Framework|x64
		{9ACC3F14-ED1D-4FC1-8CB0-D08D29C4F5E0}.Release .NET|x64.ActiveCfg = Release .NET|x64
		{9ACC3F14-ED1D-4FC1-8CB0-D08D29C4F5E0}.Release .NET|x64.Build.0 = Release .NET|x64
		{9ACC3F14-ED1D-4FC1-8CB0-D08D29C4F5E0}.Release .NET|x86.ActiveCfg = Release .NET|x64
	EndGlobalSection
	GlobalSection(SolutionProperties) = preSolution
		HideSolutionNode = FALSE
	EndGlobalSection
	GlobalSection(ExtensibilityGlobals) = postSolution
		SolutionGuid = {DFBD22F7-050F-405B-872D-629F6E95FC1A}
	EndGlobalSection
EndGlobal
